{
    "_readme": [
        "This file locks the dependencies of your project to a known state",
        "Read more about it at https://getcomposer.org/doc/01-basic-usage.md#composer-lock-the-lock-file",
        "This file is @generated automatically"
    ],
    "hash": "383aed9a2a8283d5cb5fd69eebfdd083",
    "packages": [
        {
            "name": "PrestaShop/cldr",
            "version": "dev-master",
            "source": {
                "type": "git",
                "url": "git@github.com:PrestaShop/cldr.git",
                "reference": "b9a3d939fce20ed3279f17fa6996495ec31463cb"
            },
            "dist": {
                "type": "zip",
                "url": "https://api.github.com/repos/PrestaShop/cldr/zipball/b9a3d939fce20ed3279f17fa6996495ec31463cb",
                "reference": "b9a3d939fce20ed3279f17fa6996495ec31463cb",
                "shasum": ""
            },
            "require": {
                "php": ">=5.4"
            },
            "type": "library",
            "license": [
                "MIT"
            ],
            "description": "Prestashop PHP-Unicode CLDR",
            "homepage": "https://github.com/PrestaShop/cldr",
            "support": {
                "source": "https://github.com/PrestaShop/cldr/tree/master",
                "issues": "https://github.com/PrestaShop/cldr/issues"
            },
            "time": "2015-06-04 09:41:11"
        },
        {
            "name": "smarty/smarty",
            "version": "v3.1.19",
            "source": {
                "type": "git",
                "url": "https://github.com/smarty-php/smarty.git",
                "reference": "be0fd3186ceec57e4da9a44031f517c06ae2418a"
            },
            "dist": {
                "type": "zip",
                "url": "https://api.github.com/repos/smarty-php/smarty/zipball/be0fd3186ceec57e4da9a44031f517c06ae2418a",
                "reference": "be0fd3186ceec57e4da9a44031f517c06ae2418a",
                "shasum": ""
            },
            "require": {
                "php": ">=5.2"
            },
            "type": "library",
            "extra": {
                "branch-alias": {
                    "dev-master": "3.1.x-dev"
                }
            },
            "autoload": {
                "classmap": [
                    "libs/Smarty.class.php",
                    "libs/SmartyBC.class.php",
                    "libs/sysplugins/smarty_security.php"
                ]
            },
            "notification-url": "https://packagist.org/downloads/",
            "license": [
                "LGPL-3.0"
            ],
            "authors": [
                {
                    "name": "Monte Ohrt",
                    "email": "monte@ohrt.com"
                },
                {
                    "name": "Uwe Tews",
                    "email": "uwe.tews@googlemail.com"
                },
                {
                    "name": "Rodney Rehm",
                    "email": "rodney.rehm@medialize.de"
                }
            ],
            "description": "Smarty - the compiling PHP template engine",
            "homepage": "http://www.smarty.net",
            "keywords": [
                "templating"
            ],
            "time": "2014-10-31 01:29:14"
        }
    ],
    "packages-dev": [],
    "aliases": [],
    "minimum-stability": "stable",
    "stability-flags": {
        "prestashop/cldr": 20
    },
    "prefer-stable": false,
    "prefer-lowest": false,
    "platform": [],
    "platform-dev": []
}
