{
    "csa/guzzle-cache-middleware": {
        "version": "v1.0.0"
    },
    "csa/guzzle-history-middleware": {
        "version": "v1.0.0"
    },
    "csa/guzzle-stopwatch-middleware": {
        "version": "v1.0.0"
    },
    "doctrine/event-manager": {
        "version": "v1.0.0"
    },
    "doctrine/persistence": {
        "version": "v1.1.0"
    },
    "doctrine/reflection": {
        "version": "v1.0.0"
    },
    "egulias/email-validator": {
        "version": "2.1.7"
    },
    "guzzlehttp/log-subscriber": {
        "version": "1.0.1"
    },
    "guzzlehttp/promises": {
        "version": "v1.3.1"
    },
    "guzzlehttp/psr7": {
        "version": "1.5.2"
    },
    "guzzlehttp/ringphp": {
        "version": "1.1.1"
    },
    "guzzlehttp/streams": {
        "version": "3.0.0"
    },
    "league/tactician-container": {
        "version": "2.0.0"
    },
    "league/tactician-logger": {
        "version": "v0.10.0"
    },
    "prestashop/translationtools-bundle": {
        "version": "v2.0"
    },
    "psr/http-message": {
        "version": "1.0.1"
    },
    "ralouphie/getallheaders": {
        "version": "2.0.5"
    },
    "react/promise": {
        "version": "v2.7.1"
    },
    "sensio/distribution-bundle": {
        "version": "v5.0.24"
    },
    "sensiolabs/security-checker": {
        "version": "4.0",
        "recipe": {
            "repo": "github.com/symfony/recipes",
            "branch": "master",
            "version": "4.0",
            "ref": "05daf6b214e54aed4089f3480f944a67ac3a7889"
        },
        "files": [
            "config/packages/security_checker.yaml"
        ]
    },
    "symfony/class-loader": {
        "version": "v3.4.24"
    },
    "symfony/contracts": {
        "version": "v1.0.2"
    },
    "symfony/flex": {
        "version": "1.0",
        "recipe": {
            "repo": "github.com/symfony/recipes",
            "branch": "master",
            "version": "1.0",
            "ref": "dc3fc2e0334a4137c47cfd5a3ececc601fa61a0b"
        },
        "files": [
            ".env"
        ]
    },
    "symfony/polyfill-iconv": {
        "version": "v1.11.0"
    },
    "symfony/polyfill-intl-idn": {
        "version": "v1.11.0"
    },
    "symfony/polyfill-php56": {
        "version": "v1.11.0"
    },
    "symfony/polyfill-util": {
        "version": "v1.11.0"
    }
}
